
Microsoft Visual Studio Solution File, Format Version 12.00
# Visual Studio Version 16
VisualStudioVersion = 16.0.30611.23
MinimumVisualStudioVersion = 10.0.40219.1
Project("{2150E333-8FDC-42A3-9474-1A3956D46DE8}") = "HelloWorld", "HelloWorld", "{51C46A60-5E1F-46BC-AC85-E8F2D0EDECD8}"
EndProject
Project("{9A19103F-16F7-4668-BE54-9A1E7A4F7556}") = "VSHelloWorld", "VSHelloWorld\VSHelloWorld.csproj", "{584EFC9E-B337-4989-9EBF-4402445F0821}"
EndProject
Project("{2150E333-8FDC-42A3-9474-1A3956D46DE8}") = "CoreCSharp", "CoreCSharp", "{AA20604B-8AE2-4CAF-A76F-AFD6ABB36A05}"
EndProject
Project("{9A19103F-16F7-4668-BE54-9A1E7A4F7556}") = "VariablesSample", "VariablesSample\VariablesSample.csproj", "{4D9ACF41-8A0D-4541-B32B-90313C282DF4}"
EndProject
Project("{9A19103F-16F7-4668-BE54-9A1E7A4F7556}") = "VariableScopeSample", "VariableScopeSample\VariableScopeSample.csproj", "{BF41E3EB-8051-4375-B1B9-436F60397636}"
EndProject
Project("{9A19103F-16F7-4668-BE54-9A1E7A4F7556}") = "StringSample", "StringSample\StringSample.csproj", "{3091CBEF-E859-401B-81B9-76C0637B21E1}"
EndProject
Project("{9A19103F-16F7-4668-BE54-9A1E7A4F7556}") = "IfStatement", "IfStatement\IfStatement.csproj", "{A59F715E-C21D-49EC-B7B2-BCC4CBE9ED4E}"
EndProject
Project("{9A19103F-16F7-4668-BE54-9A1E7A4F7556}") = "ForLoop", "ForLoop\ForLoop.csproj", "{35875C46-57C6-43E6-8F37-F856A811CADA}"
EndProject
Project("{9A19103F-16F7-4668-BE54-9A1E7A4F7556}") = "NamespaceSample", "NamespaceSample\NamespaceSample.csproj", "{7CC0A119-5358-4327-ADD7-F0F3A3758E05}"
EndProject
Project("{9A19103F-16F7-4668-BE54-9A1E7A4F7556}") = "ArgumentsSample", "ArgumentsSample\ArgumentsSample.csproj", "{61222E7F-E628-48D8-8B91-AA1C9C5730FB}"
EndProject
Project("{2150E333-8FDC-42A3-9474-1A3956D46DE8}") = "ObjectsAndTypes", "ObjectsAndTypes", "{CD95184D-9B7B-4988-948E-661DE6980AC1}"
EndProject
Project("{9A19103F-16F7-4668-BE54-9A1E7A4F7556}") = "ClassesSample", "ClassesSample\ClassesSample.csproj", "{15C82EC9-9CD5-47CA-8E4B-92B800B01E68}"
EndProject
Project("{9A19103F-16F7-4668-BE54-9A1E7A4F7556}") = "MathSample", "MathSample\MathSample.csproj", "{C0234BAB-A395-4868-9B71-50A733BF04F4}"
EndProject
Project("{9A19103F-16F7-4668-BE54-9A1E7A4F7556}") = "StaticConstructorSample", "StaticConstructorSample\StaticConstructorSample.csproj", "{48F65387-EF07-4137-9AC2-56F789ED6ED4}"
EndProject
Project("{2150E333-8FDC-42A3-9474-1A3956D46DE8}") = "ObjectOrientation", "ObjectOrientation", "{E77C18A5-2EFE-4CE5-BF99-DE1C5CF89B79}"
EndProject
Project("{9A19103F-16F7-4668-BE54-9A1E7A4F7556}") = "VirtualMethods", "VirtualMethods\VirtualMethods.csproj", "{9A4EC1CE-937C-4480-A097-126CFE7AAD8C}"
EndProject
Project("{9A19103F-16F7-4668-BE54-9A1E7A4F7556}") = "UsingInterfaces", "UsingInterfaces\UsingInterfaces.csproj", "{2B0681EA-D58E-4DC6-928E-5F31FC26BCDE}"
EndProject
Project("{2150E333-8FDC-42A3-9474-1A3956D46DE8}") = "OperatorsAndCasts", "OperatorsAndCasts", "{17DD8410-4154-4208-82DF-6792F5FF94CD}"
EndProject
Project("{9A19103F-16F7-4668-BE54-9A1E7A4F7556}") = "OperatorsSample", "OperatorsSample\OperatorsSample.csproj", "{4C518B22-F4D9-4654-B345-92ED948C23C2}"
EndProject
Project("{9A19103F-16F7-4668-BE54-9A1E7A4F7556}") = "OperatorOverloadingSample", "OperatorOverloadingSample\OperatorOverloadingSample.csproj", "{CAD98AC4-982D-452F-A2D2-4740E36FC990}"
EndProject
Project("{9A19103F-16F7-4668-BE54-9A1E7A4F7556}") = "CustomIndexerSample", "CustomIndexerSample\CustomIndexerSample.csproj", "{DA9116B1-5684-4BE1-BCAC-F970C49795A4}"
EndProject
Project("{2150E333-8FDC-42A3-9474-1A3956D46DE8}") = "Arrays", "Arrays", "{7985411F-A6F8-4082-8AC1-4D8D580FB733}"
EndProject
Project("{9A19103F-16F7-4668-BE54-9A1E7A4F7556}") = "SimpleArrays", "SimpleArrays\SimpleArrays.csproj", "{300CBE6A-73DD-49B6-9428-390D64A1631E}"
EndProject
Project("{9A19103F-16F7-4668-BE54-9A1E7A4F7556}") = "SortingSample", "SortingSample\SortingSample.csproj", "{A24CF015-8982-42D0-92AC-9E1F3C1C8301}"
EndProject
Project("{9A19103F-16F7-4668-BE54-9A1E7A4F7556}") = "YieldSample", "YieldSample\YieldSample.csproj", "{007BA3FB-DFC3-406B-B2EA-097C6D30220D}"
EndProject
Project("{9A19103F-16F7-4668-BE54-9A1E7A4F7556}") = "SpanSample", "SpanSample\SpanSample.csproj", "{466B012A-CE7A-49DC-BF5C-A610508831D5}"
EndProject
Project("{9A19103F-16F7-4668-BE54-9A1E7A4F7556}") = "ArrayPoolSample", "ArrayPoolSample\ArrayPoolSample.csproj", "{3D2556C9-2969-4A21-8EC0-6E3D36732AF1}"
EndProject
Project("{2150E333-8FDC-42A3-9474-1A3956D46DE8}") = "DelegatesAndEvents", "DelegatesAndEvents", "{7410132C-3E0C-41A9-866C-7D4E37CCFCAC}"
EndProject
Project("{9A19103F-16F7-4668-BE54-9A1E7A4F7556}") = "BubbleSorter", "BubbleSorter\BubbleSorter.csproj", "{B83D8372-973D-4DE3-B258-7EE50E0C8F80}"
EndProject
Project("{9A19103F-16F7-4668-BE54-9A1E7A4F7556}") = "MulticastDelegates", "MulticastDelegates\MulticastDelegates.csproj", "{75D0278F-FE0C-4A97-A80F-DE105A6C99B7}"
EndProject
Project("{9A19103F-16F7-4668-BE54-9A1E7A4F7556}") = "EventSample", "EventSample\EventSample.csproj", "{E3B6E8A8-2480-4112-A685-9FBE95143321}"
EndProject
Project("{2150E333-8FDC-42A3-9474-1A3956D46DE8}") = "StringsAndRegularExpressions", "StringsAndRegularExpressions", "{D36A155E-D28C-47A5-8DCE-056158D3143E}"
EndProject
Project("{9A19103F-16F7-4668-BE54-9A1E7A4F7556}") = "StringFormats", "StringFormats\StringFormats.csproj", "{ED32AECB-4E25-441E-923A-4F454EBF4DFB}"
EndProject
Project("{2150E333-8FDC-42A3-9474-1A3956D46DE8}") = "Collections", "Collections", "{BDFC7A9F-07A9-49B6-AB2E-CAB9FB899530}"
EndProject
Project("{9A19103F-16F7-4668-BE54-9A1E7A4F7556}") = "ListSamples", "ListSamples\ListSamples.csproj", "{CAFA5356-9748-4466-BD82-317F970158D6}"
EndProject
Project("{9A19103F-16F7-4668-BE54-9A1E7A4F7556}") = "QueueSample", "QueueSample\QueueSample.csproj", "{CD40D080-B923-486A-B3ED-688D42B41FF9}"
EndProject
Project("{9A19103F-16F7-4668-BE54-9A1E7A4F7556}") = "StackSample", "StackSample\StackSample.csproj", "{E164B0CE-E834-41FD-8A29-141C289FD406}"
EndProject
Project("{9A19103F-16F7-4668-BE54-9A1E7A4F7556}") = "SortedListSample", "SortedListSample\SortedListSample.csproj", "{C7340BCC-5160-40AB-8582-29ADF683AF0B}"
EndProject
Project("{9A19103F-16F7-4668-BE54-9A1E7A4F7556}") = "SetSample", "SetSample\SetSample.csproj", "{30365D85-718C-4E14-A52D-A814AEC1258E}"
EndProject
Project("{2150E333-8FDC-42A3-9474-1A3956D46DE8}") = "SpecialCollections", "SpecialCollections", "{B3DD27B7-1610-46E3-9BDD-B8E8D4F9F34C}"
EndProject
Project("{FAE04EC0-301F-11D3-BF4B-00C04F79EFBC}") = "ObservableCollectionSample", "ObservableCollectionSample\ObservableCollectionSample.csproj", "{0AB37B22-49B9-4BCD-8D71-A17F597DB808}"
EndProject
Project("{FAE04EC0-301F-11D3-BF4B-00C04F79EFBC}") = "PipelneSample", "PipelneSample\PipelneSample.csproj", "{750D0AFF-FE5B-4320-8FD5-994D86370B19}"
EndProject
Global
	GlobalSection(SolutionConfigurationPlatforms) = preSolution
		Debug|Any CPU = Debug|Any CPU
		Release|Any CPU = Release|Any CPU
	EndGlobalSection
	GlobalSection(ProjectConfigurationPlatforms) = postSolution
		{584EFC9E-B337-4989-9EBF-4402445F0821}.Debug|Any CPU.ActiveCfg = Debug|Any CPU
		{584EFC9E-B337-4989-9EBF-4402445F0821}.Debug|Any CPU.Build.0 = Debug|Any CPU
		{584EFC9E-B337-4989-9EBF-4402445F0821}.Release|Any CPU.ActiveCfg = Release|Any CPU
		{584EFC9E-B337-4989-9EBF-4402445F0821}.Release|Any CPU.Build.0 = Release|Any CPU
		{4D9ACF41-8A0D-4541-B32B-90313C282DF4}.Debug|Any CPU.ActiveCfg = Debug|Any CPU
		{4D9ACF41-8A0D-4541-B32B-90313C282DF4}.Debug|Any CPU.Build.0 = Debug|Any CPU
		{4D9ACF41-8A0D-4541-B32B-90313C282DF4}.Release|Any CPU.ActiveCfg = Release|Any CPU
		{4D9ACF41-8A0D-4541-B32B-90313C282DF4}.Release|Any CPU.Build.0 = Release|Any CPU
		{BF41E3EB-8051-4375-B1B9-436F60397636}.Debug|Any CPU.ActiveCfg = Debug|Any CPU
		{BF41E3EB-8051-4375-B1B9-436F60397636}.Debug|Any CPU.Build.0 = Debug|Any CPU
		{BF41E3EB-8051-4375-B1B9-436F60397636}.Release|Any CPU.ActiveCfg = Release|Any CPU
		{BF41E3EB-8051-4375-B1B9-436F60397636}.Release|Any CPU.Build.0 = Release|Any CPU
		{3091CBEF-E859-401B-81B9-76C0637B21E1}.Debug|Any CPU.ActiveCfg = Debug|Any CPU
		{3091CBEF-E859-401B-81B9-76C0637B21E1}.Debug|Any CPU.Build.0 = Debug|Any CPU
		{3091CBEF-E859-401B-81B9-76C0637B21E1}.Release|Any CPU.ActiveCfg = Release|Any CPU
		{3091CBEF-E859-401B-81B9-76C0637B21E1}.Release|Any CPU.Build.0 = Release|Any CPU
		{A59F715E-C21D-49EC-B7B2-BCC4CBE9ED4E}.Debug|Any CPU.ActiveCfg = Debug|Any CPU
		{A59F715E-C21D-49EC-B7B2-BCC4CBE9ED4E}.Debug|Any CPU.Build.0 = Debug|Any CPU
		{A59F715E-C21D-49EC-B7B2-BCC4CBE9ED4E}.Release|Any CPU.ActiveCfg = Release|Any CPU
		{A59F715E-C21D-49EC-B7B2-BCC4CBE9ED4E}.Release|Any CPU.Build.0 = Release|Any CPU
		{35875C46-57C6-43E6-8F37-F856A811CADA}.Debug|Any CPU.ActiveCfg = Debug|Any CPU
		{35875C46-57C6-43E6-8F37-F856A811CADA}.Debug|Any CPU.Build.0 = Debug|Any CPU
		{35875C46-57C6-43E6-8F37-F856A811CADA}.Release|Any CPU.ActiveCfg = Release|Any CPU
		{35875C46-57C6-43E6-8F37-F856A811CADA}.Release|Any CPU.Build.0 = Release|Any CPU
		{7CC0A119-5358-4327-ADD7-F0F3A3758E05}.Debug|Any CPU.ActiveCfg = Debug|Any CPU
		{7CC0A119-5358-4327-ADD7-F0F3A3758E05}.Debug|Any CPU.Build.0 = Debug|Any CPU
		{7CC0A119-5358-4327-ADD7-F0F3A3758E05}.Release|Any CPU.ActiveCfg = Release|Any CPU
		{7CC0A119-5358-4327-ADD7-F0F3A3758E05}.Release|Any CPU.Build.0 = Release|Any CPU
		{61222E7F-E628-48D8-8B91-AA1C9C5730FB}.Debug|Any CPU.ActiveCfg = Debug|Any CPU
		{61222E7F-E628-48D8-8B91-AA1C9C5730FB}.Debug|Any CPU.Build.0 = Debug|Any CPU
		{61222E7F-E628-48D8-8B91-AA1C9C5730FB}.Release|Any CPU.ActiveCfg = Release|Any CPU
		{61222E7F-E628-48D8-8B91-AA1C9C5730FB}.Release|Any CPU.Build.0 = Release|Any CPU
		{15C82EC9-9CD5-47CA-8E4B-92B800B01E68}.Debug|Any CPU.ActiveCfg = Debug|Any CPU
		{15C82EC9-9CD5-47CA-8E4B-92B800B01E68}.Debug|Any CPU.Build.0 = Debug|Any CPU
		{15C82EC9-9CD5-47CA-8E4B-92B800B01E68}.Release|Any CPU.ActiveCfg = Release|Any CPU
		{15C82EC9-9CD5-47CA-8E4B-92B800B01E68}.Release|Any CPU.Build.0 = Release|Any CPU
		{C0234BAB-A395-4868-9B71-50A733BF04F4}.Debug|Any CPU.ActiveCfg = Debug|Any CPU
		{C0234BAB-A395-4868-9B71-50A733BF04F4}.Debug|Any CPU.Build.0 = Debug|Any CPU
		{C0234BAB-A395-4868-9B71-50A733BF04F4}.Release|Any CPU.ActiveCfg = Release|Any CPU
		{C0234BAB-A395-4868-9B71-50A733BF04F4}.Release|Any CPU.Build.0 = Release|Any CPU
		{48F65387-EF07-4137-9AC2-56F789ED6ED4}.Debug|Any CPU.ActiveCfg = Debug|Any CPU
		{48F65387-EF07-4137-9AC2-56F789ED6ED4}.Debug|Any CPU.Build.0 = Debug|Any CPU
		{48F65387-EF07-4137-9AC2-56F789ED6ED4}.Release|Any CPU.ActiveCfg = Release|Any CPU
		{48F65387-EF07-4137-9AC2-56F789ED6ED4}.Release|Any CPU.Build.0 = Release|Any CPU
		{9A4EC1CE-937C-4480-A097-126CFE7AAD8C}.Debug|Any CPU.ActiveCfg = Debug|Any CPU
		{9A4EC1CE-937C-4480-A097-126CFE7AAD8C}.Debug|Any CPU.Build.0 = Debug|Any CPU
		{9A4EC1CE-937C-4480-A097-126CFE7AAD8C}.Release|Any CPU.ActiveCfg = Release|Any CPU
		{9A4EC1CE-937C-4480-A097-126CFE7AAD8C}.Release|Any CPU.Build.0 = Release|Any CPU
		{2B0681EA-D58E-4DC6-928E-5F31FC26BCDE}.Debug|Any CPU.ActiveCfg = Debug|Any CPU
		{2B0681EA-D58E-4DC6-928E-5F31FC26BCDE}.Debug|Any CPU.Build.0 = Debug|Any CPU
		{2B0681EA-D58E-4DC6-928E-5F31FC26BCDE}.Release|Any CPU.ActiveCfg = Release|Any CPU
		{2B0681EA-D58E-4DC6-928E-5F31FC26BCDE}.Release|Any CPU.Build.0 = Release|Any CPU
		{4C518B22-F4D9-4654-B345-92ED948C23C2}.Debug|Any CPU.ActiveCfg = Debug|Any CPU
		{4C518B22-F4D9-4654-B345-92ED948C23C2}.Debug|Any CPU.Build.0 = Debug|Any CPU
		{4C518B22-F4D9-4654-B345-92ED948C23C2}.Release|Any CPU.ActiveCfg = Release|Any CPU
		{4C518B22-F4D9-4654-B345-92ED948C23C2}.Release|Any CPU.Build.0 = Release|Any CPU
		{CAD98AC4-982D-452F-A2D2-4740E36FC990}.Debug|Any CPU.ActiveCfg = Debug|Any CPU
		{CAD98AC4-982D-452F-A2D2-4740E36FC990}.Debug|Any CPU.Build.0 = Debug|Any CPU
		{CAD98AC4-982D-452F-A2D2-4740E36FC990}.Release|Any CPU.ActiveCfg = Release|Any CPU
		{CAD98AC4-982D-452F-A2D2-4740E36FC990}.Release|Any CPU.Build.0 = Release|Any CPU
		{DA9116B1-5684-4BE1-BCAC-F970C49795A4}.Debug|Any CPU.ActiveCfg = Debug|Any CPU
		{DA9116B1-5684-4BE1-BCAC-F970C49795A4}.Debug|Any CPU.Build.0 = Debug|Any CPU
		{DA9116B1-5684-4BE1-BCAC-F970C49795A4}.Release|Any CPU.ActiveCfg = Release|Any CPU
		{DA9116B1-5684-4BE1-BCAC-F970C49795A4}.Release|Any CPU.Build.0 = Release|Any CPU
		{300CBE6A-73DD-49B6-9428-390D64A1631E}.Debug|Any CPU.ActiveCfg = Debug|Any CPU
		{300CBE6A-73DD-49B6-9428-390D64A1631E}.Debug|Any CPU.Build.0 = Debug|Any CPU
		{300CBE6A-73DD-49B6-9428-390D64A1631E}.Release|Any CPU.ActiveCfg = Release|Any CPU
		{300CBE6A-73DD-49B6-9428-390D64A1631E}.Release|Any CPU.Build.0 = Release|Any CPU
		{A24CF015-8982-42D0-92AC-9E1F3C1C8301}.Debug|Any CPU.ActiveCfg = Debug|Any CPU
		{A24CF015-8982-42D0-92AC-9E1F3C1C8301}.Debug|Any CPU.Build.0 = Debug|Any CPU
		{A24CF015-8982-42D0-92AC-9E1F3C1C8301}.Release|Any CPU.ActiveCfg = Release|Any CPU
		{A24CF015-8982-42D0-92AC-9E1F3C1C8301}.Release|Any CPU.Build.0 = Release|Any CPU
		{007BA3FB-DFC3-406B-B2EA-097C6D30220D}.Debug|Any CPU.ActiveCfg = Debug|Any CPU
		{007BA3FB-DFC3-406B-B2EA-097C6D30220D}.Debug|Any CPU.Build.0 = Debug|Any CPU
		{007BA3FB-DFC3-406B-B2EA-097C6D30220D}.Release|Any CPU.ActiveCfg = Release|Any CPU
		{007BA3FB-DFC3-406B-B2EA-097C6D30220D}.Release|Any CPU.Build.0 = Release|Any CPU
		{466B012A-CE7A-49DC-BF5C-A610508831D5}.Debug|Any CPU.ActiveCfg = Debug|Any CPU
		{466B012A-CE7A-49DC-BF5C-A610508831D5}.Debug|Any CPU.Build.0 = Debug|Any CPU
		{466B012A-CE7A-49DC-BF5C-A610508831D5}.Release|Any CPU.ActiveCfg = Release|Any CPU
		{466B012A-CE7A-49DC-BF5C-A610508831D5}.Release|Any CPU.Build.0 = Release|Any CPU
		{3D2556C9-2969-4A21-8EC0-6E3D36732AF1}.Debug|Any CPU.ActiveCfg = Debug|Any CPU
		{3D2556C9-2969-4A21-8EC0-6E3D36732AF1}.Debug|Any CPU.Build.0 = Debug|Any CPU
		{3D2556C9-2969-4A21-8EC0-6E3D36732AF1}.Release|Any CPU.ActiveCfg = Release|Any CPU
		{3D2556C9-2969-4A21-8EC0-6E3D36732AF1}.Release|Any CPU.Build.0 = Release|Any CPU
		{B83D8372-973D-4DE3-B258-7EE50E0C8F80}.Debug|Any CPU.ActiveCfg = Debug|Any CPU
		{B83D8372-973D-4DE3-B258-7EE50E0C8F80}.Debug|Any CPU.Build.0 = Debug|Any CPU
		{B83D8372-973D-4DE3-B258-7EE50E0C8F80}.Release|Any CPU.ActiveCfg = Release|Any CPU
		{B83D8372-973D-4DE3-B258-7EE50E0C8F80}.Release|Any CPU.Build.0 = Release|Any CPU
		{75D0278F-FE0C-4A97-A80F-DE105A6C99B7}.Debug|Any CPU.ActiveCfg = Debug|Any CPU
		{75D0278F-FE0C-4A97-A80F-DE105A6C99B7}.Debug|Any CPU.Build.0 = Debug|Any CPU
		{75D0278F-FE0C-4A97-A80F-DE105A6C99B7}.Release|Any CPU.ActiveCfg = Release|Any CPU
		{75D0278F-FE0C-4A97-A80F-DE105A6C99B7}.Release|Any CPU.Build.0 = Release|Any CPU
		{E3B6E8A8-2480-4112-A685-9FBE95143321}.Debug|Any CPU.ActiveCfg = Debug|Any CPU
		{E3B6E8A8-2480-4112-A685-9FBE95143321}.Debug|Any CPU.Build.0 = Debug|Any CPU
		{E3B6E8A8-2480-4112-A685-9FBE95143321}.Release|Any CPU.ActiveCfg = Release|Any CPU
		{E3B6E8A8-2480-4112-A685-9FBE95143321}.Release|Any CPU.Build.0 = Release|Any CPU
		{ED32AECB-4E25-441E-923A-4F454EBF4DFB}.Debug|Any CPU.ActiveCfg = Debug|Any CPU
		{ED32AECB-4E25-441E-923A-4F454EBF4DFB}.Debug|Any CPU.Build.0 = Debug|Any CPU
		{ED32AECB-4E25-441E-923A-4F454EBF4DFB}.Release|Any CPU.ActiveCfg = Release|Any CPU
		{ED32AECB-4E25-441E-923A-4F454EBF4DFB}.Release|Any CPU.Build.0 = Release|Any CPU
		{CAFA5356-9748-4466-BD82-317F970158D6}.Debug|Any CPU.ActiveCfg = Debug|Any CPU
		{CAFA5356-9748-4466-BD82-317F970158D6}.Debug|Any CPU.Build.0 = Debug|Any CPU
		{CAFA5356-9748-4466-BD82-317F970158D6}.Release|Any CPU.ActiveCfg = Release|Any CPU
		{CAFA5356-9748-4466-BD82-317F970158D6}.Release|Any CPU.Build.0 = Release|Any CPU
		{CD40D080-B923-486A-B3ED-688D42B41FF9}.Debug|Any CPU.ActiveCfg = Debug|Any CPU
		{CD40D080-B923-486A-B3ED-688D42B41FF9}.Debug|Any CPU.Build.0 = Debug|Any CPU
		{CD40D080-B923-486A-B3ED-688D42B41FF9}.Release|Any CPU.ActiveCfg = Release|Any CPU
		{CD40D080-B923-486A-B3ED-688D42B41FF9}.Release|Any CPU.Build.0 = Release|Any CPU
		{E164B0CE-E834-41FD-8A29-141C289FD406}.Debug|Any CPU.ActiveCfg = Debug|Any CPU
		{E164B0CE-E834-41FD-8A29-141C289FD406}.Debug|Any CPU.Build.0 = Debug|Any CPU
		{E164B0CE-E834-41FD-8A29-141C289FD406}.Release|Any CPU.ActiveCfg = Release|Any CPU
		{E164B0CE-E834-41FD-8A29-141C289FD406}.Release|Any CPU.Build.0 = Release|Any CPU
		{C7340BCC-5160-40AB-8582-29ADF683AF0B}.Debug|Any CPU.ActiveCfg = Debug|Any CPU
		{C7340BCC-5160-40AB-8582-29ADF683AF0B}.Debug|Any CPU.Build.0 = Debug|Any CPU
		{C7340BCC-5160-40AB-8582-29ADF683AF0B}.Release|Any CPU.ActiveCfg = Release|Any CPU
		{C7340BCC-5160-40AB-8582-29ADF683AF0B}.Release|Any CPU.Build.0 = Release|Any CPU
		{30365D85-718C-4E14-A52D-A814AEC1258E}.Debug|Any CPU.ActiveCfg = Debug|Any CPU
		{30365D85-718C-4E14-A52D-A814AEC1258E}.Debug|Any CPU.Build.0 = Debug|Any CPU
		{30365D85-718C-4E14-A52D-A814AEC1258E}.Release|Any CPU.ActiveCfg = Release|Any CPU
		{30365D85-718C-4E14-A52D-A814AEC1258E}.Release|Any CPU.Build.0 = Release|Any CPU
		{0AB37B22-49B9-4BCD-8D71-A17F597DB808}.Debug|Any CPU.ActiveCfg = Debug|Any CPU
		{0AB37B22-49B9-4BCD-8D71-A17F597DB808}.Debug|Any CPU.Build.0 = Debug|Any CPU
		{0AB37B22-49B9-4BCD-8D71-A17F597DB808}.Release|Any CPU.ActiveCfg = Release|Any CPU
		{0AB37B22-49B9-4BCD-8D71-A17F597DB808}.Release|Any CPU.Build.0 = Release|Any CPU
		{750D0AFF-FE5B-4320-8FD5-994D86370B19}.Debug|Any CPU.ActiveCfg = Debug|Any CPU
		{750D0AFF-FE5B-4320-8FD5-994D86370B19}.Debug|Any CPU.Build.0 = Debug|Any CPU
		{750D0AFF-FE5B-4320-8FD5-994D86370B19}.Release|Any CPU.ActiveCfg = Release|Any CPU
		{750D0AFF-FE5B-4320-8FD5-994D86370B19}.Release|Any CPU.Build.0 = Release|Any CPU
	EndGlobalSection
	GlobalSection(SolutionProperties) = preSolution
		HideSolutionNode = FALSE
	EndGlobalSection
	GlobalSection(NestedProjects) = preSolution
		{584EFC9E-B337-4989-9EBF-4402445F0821} = {51C46A60-5E1F-46BC-AC85-E8F2D0EDECD8}
		{4D9ACF41-8A0D-4541-B32B-90313C282DF4} = {AA20604B-8AE2-4CAF-A76F-AFD6ABB36A05}
		{BF41E3EB-8051-4375-B1B9-436F60397636} = {AA20604B-8AE2-4CAF-A76F-AFD6ABB36A05}
		{3091CBEF-E859-401B-81B9-76C0637B21E1} = {AA20604B-8AE2-4CAF-A76F-AFD6ABB36A05}
		{A59F715E-C21D-49EC-B7B2-BCC4CBE9ED4E} = {AA20604B-8AE2-4CAF-A76F-AFD6ABB36A05}
		{35875C46-57C6-43E6-8F37-F856A811CADA} = {AA20604B-8AE2-4CAF-A76F-AFD6ABB36A05}
		{7CC0A119-5358-4327-ADD7-F0F3A3758E05} = {AA20604B-8AE2-4CAF-A76F-AFD6ABB36A05}
		{61222E7F-E628-48D8-8B91-AA1C9C5730FB} = {AA20604B-8AE2-4CAF-A76F-AFD6ABB36A05}
		{15C82EC9-9CD5-47CA-8E4B-92B800B01E68} = {CD95184D-9B7B-4988-948E-661DE6980AC1}
		{C0234BAB-A395-4868-9B71-50A733BF04F4} = {CD95184D-9B7B-4988-948E-661DE6980AC1}
		{48F65387-EF07-4137-9AC2-56F789ED6ED4} = {CD95184D-9B7B-4988-948E-661DE6980AC1}
		{9A4EC1CE-937C-4480-A097-126CFE7AAD8C} = {E77C18A5-2EFE-4CE5-BF99-DE1C5CF89B79}
		{2B0681EA-D58E-4DC6-928E-5F31FC26BCDE} = {E77C18A5-2EFE-4CE5-BF99-DE1C5CF89B79}
		{4C518B22-F4D9-4654-B345-92ED948C23C2} = {17DD8410-4154-4208-82DF-6792F5FF94CD}
		{CAD98AC4-982D-452F-A2D2-4740E36FC990} = {17DD8410-4154-4208-82DF-6792F5FF94CD}
		{DA9116B1-5684-4BE1-BCAC-F970C49795A4} = {17DD8410-4154-4208-82DF-6792F5FF94CD}
		{300CBE6A-73DD-49B6-9428-390D64A1631E} = {7985411F-A6F8-4082-8AC1-4D8D580FB733}
		{A24CF015-8982-42D0-92AC-9E1F3C1C8301} = {7985411F-A6F8-4082-8AC1-4D8D580FB733}
		{007BA3FB-DFC3-406B-B2EA-097C6D30220D} = {7985411F-A6F8-4082-8AC1-4D8D580FB733}
		{466B012A-CE7A-49DC-BF5C-A610508831D5} = {7985411F-A6F8-4082-8AC1-4D8D580FB733}
		{3D2556C9-2969-4A21-8EC0-6E3D36732AF1} = {7985411F-A6F8-4082-8AC1-4D8D580FB733}
		{B83D8372-973D-4DE3-B258-7EE50E0C8F80} = {7410132C-3E0C-41A9-866C-7D4E37CCFCAC}
		{75D0278F-FE0C-4A97-A80F-DE105A6C99B7} = {7410132C-3E0C-41A9-866C-7D4E37CCFCAC}
		{E3B6E8A8-2480-4112-A685-9FBE95143321} = {7410132C-3E0C-41A9-866C-7D4E37CCFCAC}
		{ED32AECB-4E25-441E-923A-4F454EBF4DFB} = {D36A155E-D28C-47A5-8DCE-056158D3143E}
		{CAFA5356-9748-4466-BD82-317F970158D6} = {BDFC7A9F-07A9-49B6-AB2E-CAB9FB899530}
		{CD40D080-B923-486A-B3ED-688D42B41FF9} = {BDFC7A9F-07A9-49B6-AB2E-CAB9FB899530}
		{E164B0CE-E834-41FD-8A29-141C289FD406} = {BDFC7A9F-07A9-49B6-AB2E-CAB9FB899530}
		{C7340BCC-5160-40AB-8582-29ADF683AF0B} = {BDFC7A9F-07A9-49B6-AB2E-CAB9FB899530}
		{30365D85-718C-4E14-A52D-A814AEC1258E} = {BDFC7A9F-07A9-49B6-AB2E-CAB9FB899530}
		{0AB37B22-49B9-4BCD-8D71-A17F597DB808} = {B3DD27B7-1610-46E3-9BDD-B8E8D4F9F34C}
		{750D0AFF-FE5B-4320-8FD5-994D86370B19} = {B3DD27B7-1610-46E3-9BDD-B8E8D4F9F34C}
	EndGlobalSection
	GlobalSection(ExtensibilityGlobals) = postSolution
		SolutionGuid = {1EC781F8-63AC-4C86-9116-921DCA080D68}
	EndGlobalSection
EndGlobal
