
Microsoft Visual Studio Solution File, Format Version 12.00
# Visual Studio Version 16
VisualStudioVersion = 16.0.30611.23
MinimumVisualStudioVersion = 10.0.40219.1
Project("{2150E333-8FDC-42A3-9474-1A3956D46DE8}") = "HelloWorld", "HelloWorld", "{51C46A60-5E1F-46BC-AC85-E8F2D0EDECD8}"
EndProject
Project("{FAE04EC0-301F-11D3-BF4B-00C04F79EFBC}") = "VSHelloWorld", "VSHelloWorld\VSHelloWorld.csproj", "{584EFC9E-B337-4989-9EBF-4402445F0821}"
EndProject
Global
	GlobalSection(SolutionConfigurationPlatforms) = preSolution
		Debug|Any CPU = Debug|Any CPU
		Release|Any CPU = Release|Any CPU
	EndGlobalSection
	GlobalSection(ProjectConfigurationPlatforms) = postSolution
		{584EFC9E-B337-4989-9EBF-4402445F0821}.Debug|Any CPU.ActiveCfg = Debug|Any CPU
		{584EFC9E-B337-4989-9EBF-4402445F0821}.Debug|Any CPU.Build.0 = Debug|Any CPU
		{584EFC9E-B337-4989-9EBF-4402445F0821}.Release|Any CPU.ActiveCfg = Release|Any CPU
		{584EFC9E-B337-4989-9EBF-4402445F0821}.Release|Any CPU.Build.0 = Release|Any CPU
	EndGlobalSection
	GlobalSection(SolutionProperties) = preSolution
		HideSolutionNode = FALSE
	EndGlobalSection
	GlobalSection(NestedProjects) = preSolution
		{584EFC9E-B337-4989-9EBF-4402445F0821} = {51C46A60-5E1F-46BC-AC85-E8F2D0EDECD8}
	EndGlobalSection
	GlobalSection(ExtensibilityGlobals) = postSolution
		SolutionGuid = {1EC781F8-63AC-4C86-9116-921DCA080D68}
	EndGlobalSection
EndGlobal
