
Microsoft Visual Studio Solution File, Format Version 12.00
# Visual Studio Version 16
VisualStudioVersion = 16.0.30611.23
MinimumVisualStudioVersion = 10.0.40219.1
Project("{2150E333-8FDC-42A3-9474-1A3956D46DE8}") = "HelloWorld", "HelloWorld", "{51C46A60-5E1F-46BC-AC85-E8F2D0EDECD8}"
EndProject
Project("{9A19103F-16F7-4668-BE54-9A1E7A4F7556}") = "VSHelloWorld", "VSHelloWorld\VSHelloWorld.csproj", "{584EFC9E-B337-4989-9EBF-4402445F0821}"
EndProject
Project("{2150E333-8FDC-42A3-9474-1A3956D46DE8}") = "CoreCSharp", "CoreCSharp", "{AA20604B-8AE2-4CAF-A76F-AFD6ABB36A05}"
EndProject
Project("{9A19103F-16F7-4668-BE54-9A1E7A4F7556}") = "VariablesSample", "VariablesSample\VariablesSample.csproj", "{4D9ACF41-8A0D-4541-B32B-90313C282DF4}"
EndProject
Project("{9A19103F-16F7-4668-BE54-9A1E7A4F7556}") = "VariableScopeSample", "VariableScopeSample\VariableScopeSample.csproj", "{BF41E3EB-8051-4375-B1B9-436F60397636}"
EndProject
Project("{9A19103F-16F7-4668-BE54-9A1E7A4F7556}") = "StringSample", "StringSample\StringSample.csproj", "{3091CBEF-E859-401B-81B9-76C0637B21E1}"
EndProject
Project("{9A19103F-16F7-4668-BE54-9A1E7A4F7556}") = "IfStatement", "IfStatement\IfStatement.csproj", "{A59F715E-C21D-49EC-B7B2-BCC4CBE9ED4E}"
EndProject
Project("{9A19103F-16F7-4668-BE54-9A1E7A4F7556}") = "ForLoop", "ForLoop\ForLoop.csproj", "{35875C46-57C6-43E6-8F37-F856A811CADA}"
EndProject
Project("{9A19103F-16F7-4668-BE54-9A1E7A4F7556}") = "NamespaceSample", "NamespaceSample\NamespaceSample.csproj", "{7CC0A119-5358-4327-ADD7-F0F3A3758E05}"
EndProject
Project("{9A19103F-16F7-4668-BE54-9A1E7A4F7556}") = "ArgumentsSample", "ArgumentsSample\ArgumentsSample.csproj", "{61222E7F-E628-48D8-8B91-AA1C9C5730FB}"
EndProject
Project("{2150E333-8FDC-42A3-9474-1A3956D46DE8}") = "ObjectsAndTypes", "ObjectsAndTypes", "{CD95184D-9B7B-4988-948E-661DE6980AC1}"
EndProject
Project("{9A19103F-16F7-4668-BE54-9A1E7A4F7556}") = "ClassesSample", "ClassesSample\ClassesSample.csproj", "{15C82EC9-9CD5-47CA-8E4B-92B800B01E68}"
EndProject
Project("{9A19103F-16F7-4668-BE54-9A1E7A4F7556}") = "MathSample", "MathSample\MathSample.csproj", "{C0234BAB-A395-4868-9B71-50A733BF04F4}"
EndProject
Project("{FAE04EC0-301F-11D3-BF4B-00C04F79EFBC}") = "StaticConstructorSample", "StaticConstructorSample\StaticConstructorSample.csproj", "{48F65387-EF07-4137-9AC2-56F789ED6ED4}"
EndProject
Project("{2150E333-8FDC-42A3-9474-1A3956D46DE8}") = "ObjectOrientation", "ObjectOrientation", "{E77C18A5-2EFE-4CE5-BF99-DE1C5CF89B79}"
EndProject
Project("{FAE04EC0-301F-11D3-BF4B-00C04F79EFBC}") = "VirtualMethods", "VirtualMethods\VirtualMethods.csproj", "{9A4EC1CE-937C-4480-A097-126CFE7AAD8C}"
EndProject
Project("{FAE04EC0-301F-11D3-BF4B-00C04F79EFBC}") = "UsingInterfaces", "UsingInterfaces\UsingInterfaces.csproj", "{2B0681EA-D58E-4DC6-928E-5F31FC26BCDE}"
EndProject
Global
	GlobalSection(SolutionConfigurationPlatforms) = preSolution
		Debug|Any CPU = Debug|Any CPU
		Release|Any CPU = Release|Any CPU
	EndGlobalSection
	GlobalSection(ProjectConfigurationPlatforms) = postSolution
		{584EFC9E-B337-4989-9EBF-4402445F0821}.Debug|Any CPU.ActiveCfg = Debug|Any CPU
		{584EFC9E-B337-4989-9EBF-4402445F0821}.Debug|Any CPU.Build.0 = Debug|Any CPU
		{584EFC9E-B337-4989-9EBF-4402445F0821}.Release|Any CPU.ActiveCfg = Release|Any CPU
		{584EFC9E-B337-4989-9EBF-4402445F0821}.Release|Any CPU.Build.0 = Release|Any CPU
		{4D9ACF41-8A0D-4541-B32B-90313C282DF4}.Debug|Any CPU.ActiveCfg = Debug|Any CPU
		{4D9ACF41-8A0D-4541-B32B-90313C282DF4}.Debug|Any CPU.Build.0 = Debug|Any CPU
		{4D9ACF41-8A0D-4541-B32B-90313C282DF4}.Release|Any CPU.ActiveCfg = Release|Any CPU
		{4D9ACF41-8A0D-4541-B32B-90313C282DF4}.Release|Any CPU.Build.0 = Release|Any CPU
		{BF41E3EB-8051-4375-B1B9-436F60397636}.Debug|Any CPU.ActiveCfg = Debug|Any CPU
		{BF41E3EB-8051-4375-B1B9-436F60397636}.Debug|Any CPU.Build.0 = Debug|Any CPU
		{BF41E3EB-8051-4375-B1B9-436F60397636}.Release|Any CPU.ActiveCfg = Release|Any CPU
		{BF41E3EB-8051-4375-B1B9-436F60397636}.Release|Any CPU.Build.0 = Release|Any CPU
		{3091CBEF-E859-401B-81B9-76C0637B21E1}.Debug|Any CPU.ActiveCfg = Debug|Any CPU
		{3091CBEF-E859-401B-81B9-76C0637B21E1}.Debug|Any CPU.Build.0 = Debug|Any CPU
		{3091CBEF-E859-401B-81B9-76C0637B21E1}.Release|Any CPU.ActiveCfg = Release|Any CPU
		{3091CBEF-E859-401B-81B9-76C0637B21E1}.Release|Any CPU.Build.0 = Release|Any CPU
		{A59F715E-C21D-49EC-B7B2-BCC4CBE9ED4E}.Debug|Any CPU.ActiveCfg = Debug|Any CPU
		{A59F715E-C21D-49EC-B7B2-BCC4CBE9ED4E}.Debug|Any CPU.Build.0 = Debug|Any CPU
		{A59F715E-C21D-49EC-B7B2-BCC4CBE9ED4E}.Release|Any CPU.ActiveCfg = Release|Any CPU
		{A59F715E-C21D-49EC-B7B2-BCC4CBE9ED4E}.Release|Any CPU.Build.0 = Release|Any CPU
		{35875C46-57C6-43E6-8F37-F856A811CADA}.Debug|Any CPU.ActiveCfg = Debug|Any CPU
		{35875C46-57C6-43E6-8F37-F856A811CADA}.Debug|Any CPU.Build.0 = Debug|Any CPU
		{35875C46-57C6-43E6-8F37-F856A811CADA}.Release|Any CPU.ActiveCfg = Release|Any CPU
		{35875C46-57C6-43E6-8F37-F856A811CADA}.Release|Any CPU.Build.0 = Release|Any CPU
		{7CC0A119-5358-4327-ADD7-F0F3A3758E05}.Debug|Any CPU.ActiveCfg = Debug|Any CPU
		{7CC0A119-5358-4327-ADD7-F0F3A3758E05}.Debug|Any CPU.Build.0 = Debug|Any CPU
		{7CC0A119-5358-4327-ADD7-F0F3A3758E05}.Release|Any CPU.ActiveCfg = Release|Any CPU
		{7CC0A119-5358-4327-ADD7-F0F3A3758E05}.Release|Any CPU.Build.0 = Release|Any CPU
		{61222E7F-E628-48D8-8B91-AA1C9C5730FB}.Debug|Any CPU.ActiveCfg = Debug|Any CPU
		{61222E7F-E628-48D8-8B91-AA1C9C5730FB}.Debug|Any CPU.Build.0 = Debug|Any CPU
		{61222E7F-E628-48D8-8B91-AA1C9C5730FB}.Release|Any CPU.ActiveCfg = Release|Any CPU
		{61222E7F-E628-48D8-8B91-AA1C9C5730FB}.Release|Any CPU.Build.0 = Release|Any CPU
		{15C82EC9-9CD5-47CA-8E4B-92B800B01E68}.Debug|Any CPU.ActiveCfg = Debug|Any CPU
		{15C82EC9-9CD5-47CA-8E4B-92B800B01E68}.Debug|Any CPU.Build.0 = Debug|Any CPU
		{15C82EC9-9CD5-47CA-8E4B-92B800B01E68}.Release|Any CPU.ActiveCfg = Release|Any CPU
		{15C82EC9-9CD5-47CA-8E4B-92B800B01E68}.Release|Any CPU.Build.0 = Release|Any CPU
		{C0234BAB-A395-4868-9B71-50A733BF04F4}.Debug|Any CPU.ActiveCfg = Debug|Any CPU
		{C0234BAB-A395-4868-9B71-50A733BF04F4}.Debug|Any CPU.Build.0 = Debug|Any CPU
		{C0234BAB-A395-4868-9B71-50A733BF04F4}.Release|Any CPU.ActiveCfg = Release|Any CPU
		{C0234BAB-A395-4868-9B71-50A733BF04F4}.Release|Any CPU.Build.0 = Release|Any CPU
		{48F65387-EF07-4137-9AC2-56F789ED6ED4}.Debug|Any CPU.ActiveCfg = Debug|Any CPU
		{48F65387-EF07-4137-9AC2-56F789ED6ED4}.Debug|Any CPU.Build.0 = Debug|Any CPU
		{48F65387-EF07-4137-9AC2-56F789ED6ED4}.Release|Any CPU.ActiveCfg = Release|Any CPU
		{48F65387-EF07-4137-9AC2-56F789ED6ED4}.Release|Any CPU.Build.0 = Release|Any CPU
		{9A4EC1CE-937C-4480-A097-126CFE7AAD8C}.Debug|Any CPU.ActiveCfg = Debug|Any CPU
		{9A4EC1CE-937C-4480-A097-126CFE7AAD8C}.Debug|Any CPU.Build.0 = Debug|Any CPU
		{9A4EC1CE-937C-4480-A097-126CFE7AAD8C}.Release|Any CPU.ActiveCfg = Release|Any CPU
		{9A4EC1CE-937C-4480-A097-126CFE7AAD8C}.Release|Any CPU.Build.0 = Release|Any CPU
		{2B0681EA-D58E-4DC6-928E-5F31FC26BCDE}.Debug|Any CPU.ActiveCfg = Debug|Any CPU
		{2B0681EA-D58E-4DC6-928E-5F31FC26BCDE}.Debug|Any CPU.Build.0 = Debug|Any CPU
		{2B0681EA-D58E-4DC6-928E-5F31FC26BCDE}.Release|Any CPU.ActiveCfg = Release|Any CPU
		{2B0681EA-D58E-4DC6-928E-5F31FC26BCDE}.Release|Any CPU.Build.0 = Release|Any CPU
	EndGlobalSection
	GlobalSection(SolutionProperties) = preSolution
		HideSolutionNode = FALSE
	EndGlobalSection
	GlobalSection(NestedProjects) = preSolution
		{584EFC9E-B337-4989-9EBF-4402445F0821} = {51C46A60-5E1F-46BC-AC85-E8F2D0EDECD8}
		{4D9ACF41-8A0D-4541-B32B-90313C282DF4} = {AA20604B-8AE2-4CAF-A76F-AFD6ABB36A05}
		{BF41E3EB-8051-4375-B1B9-436F60397636} = {AA20604B-8AE2-4CAF-A76F-AFD6ABB36A05}
		{3091CBEF-E859-401B-81B9-76C0637B21E1} = {AA20604B-8AE2-4CAF-A76F-AFD6ABB36A05}
		{A59F715E-C21D-49EC-B7B2-BCC4CBE9ED4E} = {AA20604B-8AE2-4CAF-A76F-AFD6ABB36A05}
		{35875C46-57C6-43E6-8F37-F856A811CADA} = {AA20604B-8AE2-4CAF-A76F-AFD6ABB36A05}
		{7CC0A119-5358-4327-ADD7-F0F3A3758E05} = {AA20604B-8AE2-4CAF-A76F-AFD6ABB36A05}
		{61222E7F-E628-48D8-8B91-AA1C9C5730FB} = {AA20604B-8AE2-4CAF-A76F-AFD6ABB36A05}
		{15C82EC9-9CD5-47CA-8E4B-92B800B01E68} = {CD95184D-9B7B-4988-948E-661DE6980AC1}
		{C0234BAB-A395-4868-9B71-50A733BF04F4} = {CD95184D-9B7B-4988-948E-661DE6980AC1}
		{48F65387-EF07-4137-9AC2-56F789ED6ED4} = {CD95184D-9B7B-4988-948E-661DE6980AC1}
		{9A4EC1CE-937C-4480-A097-126CFE7AAD8C} = {E77C18A5-2EFE-4CE5-BF99-DE1C5CF89B79}
		{2B0681EA-D58E-4DC6-928E-5F31FC26BCDE} = {E77C18A5-2EFE-4CE5-BF99-DE1C5CF89B79}
	EndGlobalSection
	GlobalSection(ExtensibilityGlobals) = postSolution
		SolutionGuid = {1EC781F8-63AC-4C86-9116-921DCA080D68}
	EndGlobalSection
EndGlobal
